
Microsoft Visual Studio Solution File, Format Version 12.00
# Visual Studio Version 17
VisualStudioVersion = 17.10.35027.167
MinimumVisualStudioVersion = 10.0.40219.1
Project("{FAE04EC0-301F-11D3-BF4B-00C04F79EFBC}") = "Chp4.13 Exercise", "Chp4.13 Exercise.csproj", "{20E6BD60-586D-4EA4-960E-B4E9C498DB73}"
EndProject
Global
	GlobalSection(SolutionConfigurationPlatforms) = preSolution
		Debug|Any CPU = Debug|Any CPU
		Release|Any CPU = Release|Any CPU
	EndGlobalSection
	GlobalSection(ProjectConfigurationPlatforms) = postSolution
		{20E6BD60-586D-4EA4-960E-B4E9C498DB73}.Debug|Any CPU.ActiveCfg = Debug|Any CPU
		{20E6BD60-586D-4EA4-960E-B4E9C498DB73}.Debug|Any CPU.Build.0 = Debug|Any CPU
		{20E6BD60-586D-4EA4-960E-B4E9C498DB73}.Release|Any CPU.ActiveCfg = Release|Any CPU
		{20E6BD60-586D-4EA4-960E-B4E9C498DB73}.Release|Any CPU.Build.0 = Release|Any CPU
	EndGlobalSection
	GlobalSection(SolutionProperties) = preSolution
		HideSolutionNode = FALSE
	EndGlobalSection
	GlobalSection(ExtensibilityGlobals) = postSolution
		SolutionGuid = {0F2977F7-FDBA-4394-9F53-37898C69DADF}
	EndGlobalSection
EndGlobal
