
Microsoft Visual Studio Solution File, Format Version 12.00
# Visual Studio Version 17
VisualStudioVersion = 17.10.35013.160
MinimumVisualStudioVersion = 10.0.40219.1
Project("{FAE04EC0-301F-11D3-BF4B-00C04F79EFBC}") = "Chp4.9 Exercise", "Chp4.9 Exercise.csproj", "{BFA66183-E741-4203-A4AE-ADD33162DC4C}"
EndProject
Global
	GlobalSection(SolutionConfigurationPlatforms) = preSolution
		Debug|Any CPU = Debug|Any CPU
		Release|Any CPU = Release|Any CPU
	EndGlobalSection
	GlobalSection(ProjectConfigurationPlatforms) = postSolution
		{BFA66183-E741-4203-A4AE-ADD33162DC4C}.Debug|Any CPU.ActiveCfg = Debug|Any CPU
		{BFA66183-E741-4203-A4AE-ADD33162DC4C}.Debug|Any CPU.Build.0 = Debug|Any CPU
		{BFA66183-E741-4203-A4AE-ADD33162DC4C}.Release|Any CPU.ActiveCfg = Release|Any CPU
		{BFA66183-E741-4203-A4AE-ADD33162DC4C}.Release|Any CPU.Build.0 = Release|Any CPU
	EndGlobalSection
	GlobalSection(SolutionProperties) = preSolution
		HideSolutionNode = FALSE
	EndGlobalSection
	GlobalSection(ExtensibilityGlobals) = postSolution
		SolutionGuid = {814FAC68-FD91-4FBA-AD72-57E508E4C886}
	EndGlobalSection
EndGlobal
