
Microsoft Visual Studio Solution File, Format Version 12.00
# Visual Studio Version 17
VisualStudioVersion = 17.10.34916.146
MinimumVisualStudioVersion = 10.0.40219.1
Project("{FAE04EC0-301F-11D3-BF4B-00C04F79EFBC}") = "Calendar and Appointments GUI", "Calendar and Appointments GUI.csproj", "{CE859778-4695-4C2C-B80A-1E9C54F0BB9A}"
EndProject
Global
	GlobalSection(SolutionConfigurationPlatforms) = preSolution
		Debug|Any CPU = Debug|Any CPU
		Release|Any CPU = Release|Any CPU
	EndGlobalSection
	GlobalSection(ProjectConfigurationPlatforms) = postSolution
		{CE859778-4695-4C2C-B80A-1E9C54F0BB9A}.Debug|Any CPU.ActiveCfg = Debug|Any CPU
		{CE859778-4695-4C2C-B80A-1E9C54F0BB9A}.Debug|Any CPU.Build.0 = Debug|Any CPU
		{CE859778-4695-4C2C-B80A-1E9C54F0BB9A}.Release|Any CPU.ActiveCfg = Release|Any CPU
		{CE859778-4695-4C2C-B80A-1E9C54F0BB9A}.Release|Any CPU.Build.0 = Release|Any CPU
	EndGlobalSection
	GlobalSection(SolutionProperties) = preSolution
		HideSolutionNode = FALSE
	EndGlobalSection
	GlobalSection(ExtensibilityGlobals) = postSolution
		SolutionGuid = {33FE7624-C7D9-46DB-8E41-5C1E96AD9619}
	EndGlobalSection
EndGlobal
