
Microsoft Visual Studio Solution File, Format Version 12.00
# Visual Studio Version 17
VisualStudioVersion = 17.10.35013.160
MinimumVisualStudioVersion = 10.0.40219.1
Project("{FAE04EC0-301F-11D3-BF4B-00C04F79EFBC}") = "Chp4.FigureC", "Chp4.FigureC.csproj", "{C486DD19-7FBF-44B6-BBF1-EB52D65BD377}"
EndProject
Global
	GlobalSection(SolutionConfigurationPlatforms) = preSolution
		Debug|Any CPU = Debug|Any CPU
		Release|Any CPU = Release|Any CPU
	EndGlobalSection
	GlobalSection(ProjectConfigurationPlatforms) = postSolution
		{C486DD19-7FBF-44B6-BBF1-EB52D65BD377}.Debug|Any CPU.ActiveCfg = Debug|Any CPU
		{C486DD19-7FBF-44B6-BBF1-EB52D65BD377}.Debug|Any CPU.Build.0 = Debug|Any CPU
		{C486DD19-7FBF-44B6-BBF1-EB52D65BD377}.Release|Any CPU.ActiveCfg = Release|Any CPU
		{C486DD19-7FBF-44B6-BBF1-EB52D65BD377}.Release|Any CPU.Build.0 = Release|Any CPU
	EndGlobalSection
	GlobalSection(SolutionProperties) = preSolution
		HideSolutionNode = FALSE
	EndGlobalSection
	GlobalSection(ExtensibilityGlobals) = postSolution
		SolutionGuid = {87CBA421-49E7-4438-8DE6-BBF50FCE19ED}
	EndGlobalSection
EndGlobal
