
Microsoft Visual Studio Solution File, Format Version 12.00
# Visual Studio Version 17
VisualStudioVersion = 17.10.35013.160
MinimumVisualStudioVersion = 10.0.40219.1
Project("{FAE04EC0-301F-11D3-BF4B-00C04F79EFBC}") = "Chp3.24", "Chp3.24.csproj", "{C556B257-FA93-4700-A96B-DFEEC22263FA}"
EndProject
Global
	GlobalSection(SolutionConfigurationPlatforms) = preSolution
		Debug|Any CPU = Debug|Any CPU
		Release|Any CPU = Release|Any CPU
	EndGlobalSection
	GlobalSection(ProjectConfigurationPlatforms) = postSolution
		{C556B257-FA93-4700-A96B-DFEEC22263FA}.Debug|Any CPU.ActiveCfg = Debug|Any CPU
		{C556B257-FA93-4700-A96B-DFEEC22263FA}.Debug|Any CPU.Build.0 = Debug|Any CPU
		{C556B257-FA93-4700-A96B-DFEEC22263FA}.Release|Any CPU.ActiveCfg = Release|Any CPU
		{C556B257-FA93-4700-A96B-DFEEC22263FA}.Release|Any CPU.Build.0 = Release|Any CPU
	EndGlobalSection
	GlobalSection(SolutionProperties) = preSolution
		HideSolutionNode = FALSE
	EndGlobalSection
	GlobalSection(ExtensibilityGlobals) = postSolution
		SolutionGuid = {E34D5134-F57D-4C4A-BD24-E0BB7E552444}
	EndGlobalSection
EndGlobal
