
Microsoft Visual Studio Solution File, Format Version 12.00
# Visual Studio Version 17
VisualStudioVersion = 17.10.35122.118
MinimumVisualStudioVersion = 10.0.40219.1
Project("{FAE04EC0-301F-11D3-BF4B-00C04F79EFBC}") = "Chp5.19", "Chp5.19.csproj", "{4B43EF31-A344-46E3-BCB4-374AE608096F}"
EndProject
Global
	GlobalSection(SolutionConfigurationPlatforms) = preSolution
		Debug|Any CPU = Debug|Any CPU
		Release|Any CPU = Release|Any CPU
	EndGlobalSection
	GlobalSection(ProjectConfigurationPlatforms) = postSolution
		{4B43EF31-A344-46E3-BCB4-374AE608096F}.Debug|Any CPU.ActiveCfg = Debug|Any CPU
		{4B43EF31-A344-46E3-BCB4-374AE608096F}.Debug|Any CPU.Build.0 = Debug|Any CPU
		{4B43EF31-A344-46E3-BCB4-374AE608096F}.Release|Any CPU.ActiveCfg = Release|Any CPU
		{4B43EF31-A344-46E3-BCB4-374AE608096F}.Release|Any CPU.Build.0 = Release|Any CPU
	EndGlobalSection
	GlobalSection(SolutionProperties) = preSolution
		HideSolutionNode = FALSE
	EndGlobalSection
	GlobalSection(ExtensibilityGlobals) = postSolution
		SolutionGuid = {F79D38AA-38FF-4CB9-BC65-FA04997B5B49}
	EndGlobalSection
EndGlobal
