
Microsoft Visual Studio Solution File, Format Version 12.00
# Visual Studio Version 17
VisualStudioVersion = 17.10.35013.160
MinimumVisualStudioVersion = 10.0.40219.1
Project("{FAE04EC0-301F-11D3-BF4B-00C04F79EFBC}") = "Chp4.FigureB", "Chp4.FigureB.csproj", "{BE496F17-508C-4E97-AD26-EBFF425F5196}"
EndProject
Global
	GlobalSection(SolutionConfigurationPlatforms) = preSolution
		Debug|Any CPU = Debug|Any CPU
		Release|Any CPU = Release|Any CPU
	EndGlobalSection
	GlobalSection(ProjectConfigurationPlatforms) = postSolution
		{BE496F17-508C-4E97-AD26-EBFF425F5196}.Debug|Any CPU.ActiveCfg = Debug|Any CPU
		{BE496F17-508C-4E97-AD26-EBFF425F5196}.Debug|Any CPU.Build.0 = Debug|Any CPU
		{BE496F17-508C-4E97-AD26-EBFF425F5196}.Release|Any CPU.ActiveCfg = Release|Any CPU
		{BE496F17-508C-4E97-AD26-EBFF425F5196}.Release|Any CPU.Build.0 = Release|Any CPU
	EndGlobalSection
	GlobalSection(SolutionProperties) = preSolution
		HideSolutionNode = FALSE
	EndGlobalSection
	GlobalSection(ExtensibilityGlobals) = postSolution
		SolutionGuid = {623CBD60-BF54-4D85-A435-BF40957BDF31}
	EndGlobalSection
EndGlobal
