
Microsoft Visual Studio Solution File, Format Version 12.00
# Visual Studio Version 17
VisualStudioVersion = 17.10.34916.146
MinimumVisualStudioVersion = 10.0.40219.1
Project("{FAE04EC0-301F-11D3-BF4B-00C04F79EFBC}") = "NotepadGUI", "NotepadGUI.csproj", "{73A5954C-54B0-4A7D-91B3-7D4469687678}"
EndProject
Global
	GlobalSection(SolutionConfigurationPlatforms) = preSolution
		Debug|Any CPU = Debug|Any CPU
		Release|Any CPU = Release|Any CPU
	EndGlobalSection
	GlobalSection(ProjectConfigurationPlatforms) = postSolution
		{73A5954C-54B0-4A7D-91B3-7D4469687678}.Debug|Any CPU.ActiveCfg = Debug|Any CPU
		{73A5954C-54B0-4A7D-91B3-7D4469687678}.Debug|Any CPU.Build.0 = Debug|Any CPU
		{73A5954C-54B0-4A7D-91B3-7D4469687678}.Release|Any CPU.ActiveCfg = Release|Any CPU
		{73A5954C-54B0-4A7D-91B3-7D4469687678}.Release|Any CPU.Build.0 = Release|Any CPU
	EndGlobalSection
	GlobalSection(SolutionProperties) = preSolution
		HideSolutionNode = FALSE
	EndGlobalSection
	GlobalSection(ExtensibilityGlobals) = postSolution
		SolutionGuid = {0D7011FD-80E3-4AAE-87BC-2C47A86F5AD0}
	EndGlobalSection
EndGlobal
