
Microsoft Visual Studio Solution File, Format Version 12.00
# Visual Studio Version 17
VisualStudioVersion = 17.10.35013.160
MinimumVisualStudioVersion = 10.0.40219.1
Project("{FAE04EC0-301F-11D3-BF4B-00C04F79EFBC}") = "Chp4.FigureD", "Chp4.FigureD.csproj", "{4BD98D99-CFCA-4262-98A6-7014491BA4F9}"
EndProject
Global
	GlobalSection(SolutionConfigurationPlatforms) = preSolution
		Debug|Any CPU = Debug|Any CPU
		Release|Any CPU = Release|Any CPU
	EndGlobalSection
	GlobalSection(ProjectConfigurationPlatforms) = postSolution
		{4BD98D99-CFCA-4262-98A6-7014491BA4F9}.Debug|Any CPU.ActiveCfg = Debug|Any CPU
		{4BD98D99-CFCA-4262-98A6-7014491BA4F9}.Debug|Any CPU.Build.0 = Debug|Any CPU
		{4BD98D99-CFCA-4262-98A6-7014491BA4F9}.Release|Any CPU.ActiveCfg = Release|Any CPU
		{4BD98D99-CFCA-4262-98A6-7014491BA4F9}.Release|Any CPU.Build.0 = Release|Any CPU
	EndGlobalSection
	GlobalSection(SolutionProperties) = preSolution
		HideSolutionNode = FALSE
	EndGlobalSection
	GlobalSection(ExtensibilityGlobals) = postSolution
		SolutionGuid = {FFD5CAE2-7A3E-4C82-B170-40B0C64751C3}
	EndGlobalSection
EndGlobal
