
Microsoft Visual Studio Solution File, Format Version 12.00
# Visual Studio Version 17
VisualStudioVersion = 17.10.35027.167
MinimumVisualStudioVersion = 10.0.40219.1
Project("{FAE04EC0-301F-11D3-BF4B-00C04F79EFBC}") = "Chp5.9", "Chp5.9.csproj", "{B9F616A9-60BB-4EF3-BD1C-800632B6826E}"
EndProject
Global
	GlobalSection(SolutionConfigurationPlatforms) = preSolution
		Debug|Any CPU = Debug|Any CPU
		Release|Any CPU = Release|Any CPU
	EndGlobalSection
	GlobalSection(ProjectConfigurationPlatforms) = postSolution
		{B9F616A9-60BB-4EF3-BD1C-800632B6826E}.Debug|Any CPU.ActiveCfg = Debug|Any CPU
		{B9F616A9-60BB-4EF3-BD1C-800632B6826E}.Debug|Any CPU.Build.0 = Debug|Any CPU
		{B9F616A9-60BB-4EF3-BD1C-800632B6826E}.Release|Any CPU.ActiveCfg = Release|Any CPU
		{B9F616A9-60BB-4EF3-BD1C-800632B6826E}.Release|Any CPU.Build.0 = Release|Any CPU
	EndGlobalSection
	GlobalSection(SolutionProperties) = preSolution
		HideSolutionNode = FALSE
	EndGlobalSection
	GlobalSection(ExtensibilityGlobals) = postSolution
		SolutionGuid = {D6E5BB77-B842-4D3D-9280-318D8190B3C4}
	EndGlobalSection
EndGlobal
