
Microsoft Visual Studio Solution File, Format Version 12.00
# Visual Studio Version 17
VisualStudioVersion = 17.10.35013.160
MinimumVisualStudioVersion = 10.0.40219.1
Project("{FAE04EC0-301F-11D3-BF4B-00C04F79EFBC}") = "Chp 3.10 a-d", "Chp 3.10 a-d.csproj", "{AF394003-6617-46B2-9713-933F6B3A675E}"
EndProject
Global
	GlobalSection(SolutionConfigurationPlatforms) = preSolution
		Debug|Any CPU = Debug|Any CPU
		Release|Any CPU = Release|Any CPU
	EndGlobalSection
	GlobalSection(ProjectConfigurationPlatforms) = postSolution
		{AF394003-6617-46B2-9713-933F6B3A675E}.Debug|Any CPU.ActiveCfg = Debug|Any CPU
		{AF394003-6617-46B2-9713-933F6B3A675E}.Debug|Any CPU.Build.0 = Debug|Any CPU
		{AF394003-6617-46B2-9713-933F6B3A675E}.Release|Any CPU.ActiveCfg = Release|Any CPU
		{AF394003-6617-46B2-9713-933F6B3A675E}.Release|Any CPU.Build.0 = Release|Any CPU
	EndGlobalSection
	GlobalSection(SolutionProperties) = preSolution
		HideSolutionNode = FALSE
	EndGlobalSection
	GlobalSection(ExtensibilityGlobals) = postSolution
		SolutionGuid = {CC351E68-4A17-4BBF-97C1-AF19FFDBB6B7}
	EndGlobalSection
EndGlobal
