
Microsoft Visual Studio Solution File, Format Version 12.00
# Visual Studio Version 17
VisualStudioVersion = 17.10.35027.167
MinimumVisualStudioVersion = 10.0.40219.1
Project("{FAE04EC0-301F-11D3-BF4B-00C04F79EFBC}") = "Chp.5.17 Exercise", "Chp.5.17 Exercise.csproj", "{CE36B95E-CC84-4961-A9D0-7516E5642943}"
EndProject
Global
	GlobalSection(SolutionConfigurationPlatforms) = preSolution
		Debug|Any CPU = Debug|Any CPU
		Release|Any CPU = Release|Any CPU
	EndGlobalSection
	GlobalSection(ProjectConfigurationPlatforms) = postSolution
		{CE36B95E-CC84-4961-A9D0-7516E5642943}.Debug|Any CPU.ActiveCfg = Debug|Any CPU
		{CE36B95E-CC84-4961-A9D0-7516E5642943}.Debug|Any CPU.Build.0 = Debug|Any CPU
		{CE36B95E-CC84-4961-A9D0-7516E5642943}.Release|Any CPU.ActiveCfg = Release|Any CPU
		{CE36B95E-CC84-4961-A9D0-7516E5642943}.Release|Any CPU.Build.0 = Release|Any CPU
	EndGlobalSection
	GlobalSection(SolutionProperties) = preSolution
		HideSolutionNode = FALSE
	EndGlobalSection
	GlobalSection(ExtensibilityGlobals) = postSolution
		SolutionGuid = {BE61BA6D-B717-4C68-BE0A-D0C93E227E86}
	EndGlobalSection
EndGlobal
