
Microsoft Visual Studio Solution File, Format Version 12.00
# Visual Studio Version 17
VisualStudioVersion = 17.10.34916.146
MinimumVisualStudioVersion = 10.0.40219.1
Project("{FAE04EC0-301F-11D3-BF4B-00C04F79EFBC}") = "Chp3 3.E", "Chp3 3.E.csproj", "{B6997617-5542-4E43-B86C-5DC9030041F8}"
EndProject
Global
	GlobalSection(SolutionConfigurationPlatforms) = preSolution
		Debug|Any CPU = Debug|Any CPU
		Release|Any CPU = Release|Any CPU
	EndGlobalSection
	GlobalSection(ProjectConfigurationPlatforms) = postSolution
		{B6997617-5542-4E43-B86C-5DC9030041F8}.Debug|Any CPU.ActiveCfg = Debug|Any CPU
		{B6997617-5542-4E43-B86C-5DC9030041F8}.Debug|Any CPU.Build.0 = Debug|Any CPU
		{B6997617-5542-4E43-B86C-5DC9030041F8}.Release|Any CPU.ActiveCfg = Release|Any CPU
		{B6997617-5542-4E43-B86C-5DC9030041F8}.Release|Any CPU.Build.0 = Release|Any CPU
	EndGlobalSection
	GlobalSection(SolutionProperties) = preSolution
		HideSolutionNode = FALSE
	EndGlobalSection
	GlobalSection(ExtensibilityGlobals) = postSolution
		SolutionGuid = {50E63B8D-8D7C-4B3F-B646-2A985A28E5C8}
	EndGlobalSection
EndGlobal
