
Microsoft Visual Studio Solution File, Format Version 12.00
# Visual Studio Version 17
VisualStudioVersion = 17.10.35027.167
MinimumVisualStudioVersion = 10.0.40219.1
Project("{FAE04EC0-301F-11D3-BF4B-00C04F79EFBC}") = "Chp5.18 Exercise", "Chp5.18 Exercise.csproj", "{A78CB54F-F43B-4966-8A4F-BEB6B9AD0DA9}"
EndProject
Global
	GlobalSection(SolutionConfigurationPlatforms) = preSolution
		Debug|Any CPU = Debug|Any CPU
		Release|Any CPU = Release|Any CPU
	EndGlobalSection
	GlobalSection(ProjectConfigurationPlatforms) = postSolution
		{A78CB54F-F43B-4966-8A4F-BEB6B9AD0DA9}.Debug|Any CPU.ActiveCfg = Debug|Any CPU
		{A78CB54F-F43B-4966-8A4F-BEB6B9AD0DA9}.Debug|Any CPU.Build.0 = Debug|Any CPU
		{A78CB54F-F43B-4966-8A4F-BEB6B9AD0DA9}.Release|Any CPU.ActiveCfg = Release|Any CPU
		{A78CB54F-F43B-4966-8A4F-BEB6B9AD0DA9}.Release|Any CPU.Build.0 = Release|Any CPU
	EndGlobalSection
	GlobalSection(SolutionProperties) = preSolution
		HideSolutionNode = FALSE
	EndGlobalSection
	GlobalSection(ExtensibilityGlobals) = postSolution
		SolutionGuid = {1515E5B3-A299-4DAE-BB04-56E42D852EDF}
	EndGlobalSection
EndGlobal
