
Microsoft Visual Studio Solution File, Format Version 12.00
# Visual Studio Version 17
VisualStudioVersion = 17.10.34916.146
MinimumVisualStudioVersion = 10.0.40219.1
Project("{FAE04EC0-301F-11D3-BF4B-00C04F79EFBC}") = "Chp3 3.3f", "Chp3 3.3f.csproj", "{22DFC44F-C124-44CA-9ACF-47A6284C0D5E}"
EndProject
Global
	GlobalSection(SolutionConfigurationPlatforms) = preSolution
		Debug|Any CPU = Debug|Any CPU
		Release|Any CPU = Release|Any CPU
	EndGlobalSection
	GlobalSection(ProjectConfigurationPlatforms) = postSolution
		{22DFC44F-C124-44CA-9ACF-47A6284C0D5E}.Debug|Any CPU.ActiveCfg = Debug|Any CPU
		{22DFC44F-C124-44CA-9ACF-47A6284C0D5E}.Debug|Any CPU.Build.0 = Debug|Any CPU
		{22DFC44F-C124-44CA-9ACF-47A6284C0D5E}.Release|Any CPU.ActiveCfg = Release|Any CPU
		{22DFC44F-C124-44CA-9ACF-47A6284C0D5E}.Release|Any CPU.Build.0 = Release|Any CPU
	EndGlobalSection
	GlobalSection(SolutionProperties) = preSolution
		HideSolutionNode = FALSE
	EndGlobalSection
	GlobalSection(ExtensibilityGlobals) = postSolution
		SolutionGuid = {54A1C148-B773-4FAA-B480-80E780EDC6F5}
	EndGlobalSection
EndGlobal
