
Microsoft Visual Studio Solution File, Format Version 12.00
# Visual Studio Version 17
VisualStudioVersion = 17.10.35013.160
MinimumVisualStudioVersion = 10.0.40219.1
Project("{FAE04EC0-301F-11D3-BF4B-00C04F79EFBC}") = "Chp3.18 Seperate Main", "Chp3.18 Seperate Main.csproj", "{284AE372-EFFD-4F97-8DFA-6ADF8230FF93}"
EndProject
Global
	GlobalSection(SolutionConfigurationPlatforms) = preSolution
		Debug|Any CPU = Debug|Any CPU
		Release|Any CPU = Release|Any CPU
	EndGlobalSection
	GlobalSection(ProjectConfigurationPlatforms) = postSolution
		{284AE372-EFFD-4F97-8DFA-6ADF8230FF93}.Debug|Any CPU.ActiveCfg = Debug|Any CPU
		{284AE372-EFFD-4F97-8DFA-6ADF8230FF93}.Debug|Any CPU.Build.0 = Debug|Any CPU
		{284AE372-EFFD-4F97-8DFA-6ADF8230FF93}.Release|Any CPU.ActiveCfg = Release|Any CPU
		{284AE372-EFFD-4F97-8DFA-6ADF8230FF93}.Release|Any CPU.Build.0 = Release|Any CPU
	EndGlobalSection
	GlobalSection(SolutionProperties) = preSolution
		HideSolutionNode = FALSE
	EndGlobalSection
	GlobalSection(ExtensibilityGlobals) = postSolution
		SolutionGuid = {A16E41B1-EC9C-47C1-B56C-2945A30F7315}
	EndGlobalSection
EndGlobal
