
Microsoft Visual Studio Solution File, Format Version 12.00
# Visual Studio Version 17
VisualStudioVersion = 17.10.34916.146
MinimumVisualStudioVersion = 10.0.40219.1
Project("{FAE04EC0-301F-11D3-BF4B-00C04F79EFBC}") = "Chp3 3.4a", "Chp3 3.4a.csproj", "{3724F696-575A-49C1-8CC8-C3943B350512}"
EndProject
Global
	GlobalSection(SolutionConfigurationPlatforms) = preSolution
		Debug|Any CPU = Debug|Any CPU
		Release|Any CPU = Release|Any CPU
	EndGlobalSection
	GlobalSection(ProjectConfigurationPlatforms) = postSolution
		{3724F696-575A-49C1-8CC8-C3943B350512}.Debug|Any CPU.ActiveCfg = Debug|Any CPU
		{3724F696-575A-49C1-8CC8-C3943B350512}.Debug|Any CPU.Build.0 = Debug|Any CPU
		{3724F696-575A-49C1-8CC8-C3943B350512}.Release|Any CPU.ActiveCfg = Release|Any CPU
		{3724F696-575A-49C1-8CC8-C3943B350512}.Release|Any CPU.Build.0 = Release|Any CPU
	EndGlobalSection
	GlobalSection(SolutionProperties) = preSolution
		HideSolutionNode = FALSE
	EndGlobalSection
	GlobalSection(ExtensibilityGlobals) = postSolution
		SolutionGuid = {F4CBDC4C-8FBB-4827-9AE0-CC4808817908}
	EndGlobalSection
EndGlobal
