
Microsoft Visual Studio Solution File, Format Version 12.00
# Visual Studio Version 17
VisualStudioVersion = 17.10.35027.167
MinimumVisualStudioVersion = 10.0.40219.1
Project("{FAE04EC0-301F-11D3-BF4B-00C04F79EFBC}") = "Chp5.6 Exercise", "Chp5.6 Exercise.csproj", "{347E9C30-516D-4009-81F6-490C2CD8F48A}"
EndProject
Global
	GlobalSection(SolutionConfigurationPlatforms) = preSolution
		Debug|Any CPU = Debug|Any CPU
		Release|Any CPU = Release|Any CPU
	EndGlobalSection
	GlobalSection(ProjectConfigurationPlatforms) = postSolution
		{347E9C30-516D-4009-81F6-490C2CD8F48A}.Debug|Any CPU.ActiveCfg = Debug|Any CPU
		{347E9C30-516D-4009-81F6-490C2CD8F48A}.Debug|Any CPU.Build.0 = Debug|Any CPU
		{347E9C30-516D-4009-81F6-490C2CD8F48A}.Release|Any CPU.ActiveCfg = Release|Any CPU
		{347E9C30-516D-4009-81F6-490C2CD8F48A}.Release|Any CPU.Build.0 = Release|Any CPU
	EndGlobalSection
	GlobalSection(SolutionProperties) = preSolution
		HideSolutionNode = FALSE
	EndGlobalSection
	GlobalSection(ExtensibilityGlobals) = postSolution
		SolutionGuid = {6828DC90-494A-4F06-8AF1-E3C427B9AA33}
	EndGlobalSection
EndGlobal
