
Microsoft Visual Studio Solution File, Format Version 12.00
# Visual Studio Version 17
VisualStudioVersion = 17.10.34916.146
MinimumVisualStudioVersion = 10.0.40219.1
Project("{FAE04EC0-301F-11D3-BF4B-00C04F79EFBC}") = "Chp3 3.D", "Chp3 3.D.csproj", "{D8624BFA-687F-4FF4-BCC5-9E001CFD7D79}"
EndProject
Global
	GlobalSection(SolutionConfigurationPlatforms) = preSolution
		Debug|Any CPU = Debug|Any CPU
		Release|Any CPU = Release|Any CPU
	EndGlobalSection
	GlobalSection(ProjectConfigurationPlatforms) = postSolution
		{D8624BFA-687F-4FF4-BCC5-9E001CFD7D79}.Debug|Any CPU.ActiveCfg = Debug|Any CPU
		{D8624BFA-687F-4FF4-BCC5-9E001CFD7D79}.Debug|Any CPU.Build.0 = Debug|Any CPU
		{D8624BFA-687F-4FF4-BCC5-9E001CFD7D79}.Release|Any CPU.ActiveCfg = Release|Any CPU
		{D8624BFA-687F-4FF4-BCC5-9E001CFD7D79}.Release|Any CPU.Build.0 = Release|Any CPU
	EndGlobalSection
	GlobalSection(SolutionProperties) = preSolution
		HideSolutionNode = FALSE
	EndGlobalSection
	GlobalSection(ExtensibilityGlobals) = postSolution
		SolutionGuid = {8D4407A7-A2F1-4626-A0D4-18C4F6881352}
	EndGlobalSection
EndGlobal
