
Microsoft Visual Studio Solution File, Format Version 12.00
# Visual Studio Version 17
VisualStudioVersion = 17.10.35013.160
MinimumVisualStudioVersion = 10.0.40219.1
Project("{FAE04EC0-301F-11D3-BF4B-00C04F79EFBC}") = "Chp 3.19 Main", "Chp 3.19 Main.csproj", "{074E0389-7EF5-4330-BBC5-7D37F85A1D3A}"
EndProject
Global
	GlobalSection(SolutionConfigurationPlatforms) = preSolution
		Debug|Any CPU = Debug|Any CPU
		Release|Any CPU = Release|Any CPU
	EndGlobalSection
	GlobalSection(ProjectConfigurationPlatforms) = postSolution
		{074E0389-7EF5-4330-BBC5-7D37F85A1D3A}.Debug|Any CPU.ActiveCfg = Debug|Any CPU
		{074E0389-7EF5-4330-BBC5-7D37F85A1D3A}.Debug|Any CPU.Build.0 = Debug|Any CPU
		{074E0389-7EF5-4330-BBC5-7D37F85A1D3A}.Release|Any CPU.ActiveCfg = Release|Any CPU
		{074E0389-7EF5-4330-BBC5-7D37F85A1D3A}.Release|Any CPU.Build.0 = Release|Any CPU
	EndGlobalSection
	GlobalSection(SolutionProperties) = preSolution
		HideSolutionNode = FALSE
	EndGlobalSection
	GlobalSection(ExtensibilityGlobals) = postSolution
		SolutionGuid = {37FAB641-7789-4FFF-B41F-4C0222477539}
	EndGlobalSection
EndGlobal
